
Microsoft Visual Studio Solution File, Format Version 12.00
# Visual Studio 14
VisualStudioVersion = 14.0.25420.1
MinimumVisualStudioVersion = 10.0.40219.1
Project("{2150E333-8FDC-42A3-9474-1A3956D46DE8}") = "Solution Items", "Solution Items", "{30F6375E-2B17-4D1F-8F49-E5F4294F6DB7}"
	ProjectSection(SolutionItems) = preProject
		global.json = global.json
		gulpfile.js = gulpfile.js
		NuGet.config = NuGet.config
		Package.json = Package.json
		README.md = README.md
	EndProjectSection
	ProjectSection(FolderGlobals) = preProject
		global_1json__JSONSchema = http://json.schemastore.org/global
	EndProjectSection
EndProject
Project("{2150E333-8FDC-42A3-9474-1A3956D46DE8}") = "src", "src", "{275E087F-A4E2-4A7B-A924-ED68E3A52086}"
EndProject
Project("{2150E333-8FDC-42A3-9474-1A3956D46DE8}") = "test", "test", "{B8D16C60-99B4-43D5-A3AD-4CD89AF39B25}"
EndProject
Project("{2150E333-8FDC-42A3-9474-1A3956D46DE8}") = "Clients", "Clients", "{9786D05C-6C50-421F-B2AA-237155510DD1}"
EndProject
Project("{2150E333-8FDC-42A3-9474-1A3956D46DE8}") = "Core", "Core", "{F23AC6C2-DE44-4699-999D-3C478EF3D691}"
EndProject
Project("{8BB2217D-0F2D-49D1-97BC-3654ED321F3B}") = "Orchard.Events", "src\Orchard.Events\Orchard.Events.xproj", "{67D2545F-43C2-4FBB-80C7-75A2D0DCB948}"
EndProject
Project("{8BB2217D-0F2D-49D1-97BC-3654ED321F3B}") = "Orchard.Parser.Yaml", "src\Orchard.Parser.Yaml\Orchard.Parser.Yaml.xproj", "{366ADAD5-4F2A-4768-80E2-CA70222C78BE}"
EndProject
Project("{8BB2217D-0F2D-49D1-97BC-3654ED321F3B}") = "Orchard.Environment.Extensions", "src\Orchard.Environment.Extensions\Orchard.Environment.Extensions.xproj", "{FDCEB9E1-4BA7-42CE-AF43-3C604EBA720D}"
EndProject
Project("{8BB2217D-0F2D-49D1-97BC-3654ED321F3B}") = "Orchard.Environment.Extensions.Abstractions", "src\Orchard.Environment.Extensions.Abstractions\Orchard.Environment.Extensions.Abstractions.xproj", "{E1C3B0A7-FCD8-4895-AE10-479A90A0CE1F}"
EndProject
Project("{8BB2217D-0F2D-49D1-97BC-3654ED321F3B}") = "Orchard.Environment.Shell.Abstractions", "src\Orchard.Environment.Shell.Abstractions\Orchard.Environment.Shell.Abstractions.xproj", "{57958811-69DA-4C86-B75C-3806C2451EC8}"
EndProject
Project("{8BB2217D-0F2D-49D1-97BC-3654ED321F3B}") = "Orchard.Environment.Shell", "src\Orchard.Environment.Shell\Orchard.Environment.Shell.xproj", "{4C2F50F1-666E-497A-9498-A3494387A0CF}"
EndProject
Project("{2150E333-8FDC-42A3-9474-1A3956D46DE8}") = "Modules.Mvc", "Modules.Mvc", "{75B5432E-7851-4FCB-BC87-20ABEEDDBE19}"
EndProject
Project("{8BB2217D-0F2D-49D1-97BC-3654ED321F3B}") = "Orchard.Mvc.Web", "src\Orchard.Mvc.Web\Orchard.Mvc.Web.xproj", "{2CEE4306-FDE4-479F-8754-0492AA5834EB}"
EndProject
Project("{8BB2217D-0F2D-49D1-97BC-3654ED321F3B}") = "Microsoft.AspNetCore.Mvc.Modules.Abstractions", "src\Microsoft.AspNetCore.Mvc.Modules.Abstractions\Microsoft.AspNetCore.Mvc.Modules.Abstractions.xproj", "{A1F3BB21-E9C7-4131-8682-50CE9730CD49}"
EndProject
Project("{2150E333-8FDC-42A3-9474-1A3956D46DE8}") = "Modules.Saas", "Modules.Saas", "{A066395F-6F73-45DC-B5A6-B4E306110DCE}"
EndProject
Project("{8BB2217D-0F2D-49D1-97BC-3654ED321F3B}") = "Microsoft.AspNetCore.Modules.Abstractions", "src\Microsoft.AspNetCore.Modules.Abstractions\Microsoft.AspNetCore.Modules.Abstractions.xproj", "{477CBA01-FB6E-498C-AD3C-EF2B16F7C006}"
EndProject
Project("{8BB2217D-0F2D-49D1-97BC-3654ED321F3B}") = "Microsoft.AspNetCore.Modules", "src\Microsoft.AspNetCore.Modules\Microsoft.AspNetCore.Modules.xproj", "{19617686-B3AE-4810-9C32-7FAF42F56744}"
EndProject
Project("{8BB2217D-0F2D-49D1-97BC-3654ED321F3B}") = "Microsoft.AspNetCore.Mvc.Modules", "src\Microsoft.AspNetCore.Mvc.Modules\Microsoft.AspNetCore.Mvc.Modules.xproj", "{9E4E6CCB-7E1C-45CA-A4BB-43D8102DF086}"
EndProject
Project("{8BB2217D-0F2D-49D1-97BC-3654ED321F3B}") = "Orchard.Nancy.Web", "src\Orchard.Nancy.Web\Orchard.Nancy.Web.xproj", "{FA1366A1-676A-4E20-8A4E-A2FB98B14BDF}"
EndProject
Project("{8BB2217D-0F2D-49D1-97BC-3654ED321F3B}") = "Microsoft.AspNetCore.Nancy.Modules", "src\Microsoft.AspNetCore.Nancy.Modules\Microsoft.AspNetCore.Nancy.Modules.xproj", "{3BDAC7C1-2E7B-4DB6-9A48-42E60613EACE}"
EndProject
Project("{2150E333-8FDC-42A3-9474-1A3956D46DE8}") = "_Microsoft.AspNetCore", "_Microsoft.AspNetCore", "{A86D3AED-6DD2-497E-BC30-7D755D63CBE0}"
EndProject
Project("{2150E333-8FDC-42A3-9474-1A3956D46DE8}") = "Modules.Nancy", "Modules.Nancy", "{D1EC1E7A-8233-4527-A79E-B6ECE9DBB469}"
EndProject
Project("{8BB2217D-0F2D-49D1-97BC-3654ED321F3B}") = "Orchard.Mvc", "src\Orchard.Cms.Web\Modules\Orchard.Mvc\Orchard.Mvc.xproj", "{F9842D64-DA3B-48E4-BEB4-7F01033978B2}"
EndProject
Project("{8BB2217D-0F2D-49D1-97BC-3654ED321F3B}") = "Orchard.Nancy", "src\Orchard.Cms.Web\Modules\Orchard.Nancy\Orchard.Nancy.xproj", "{527E6F5B-BA00-4F81-A4D5-F9B4C5AB4AE3}"
EndProject
Project("{8BB2217D-0F2D-49D1-97BC-3654ED321F3B}") = "Orchard.Mvc.HelloWorld", "src\Orchard.Mvc.Web\Modules\Orchard.Mvc.HelloWorld\Orchard.Mvc.HelloWorld.xproj", "{4B96E37E-E449-4B55-B12E-AD7816B94F08}"
EndProject
Project("{8BB2217D-0F2D-49D1-97BC-3654ED321F3B}") = "Orchard.Nancy.HelloWorld", "src\Orchard.Nancy.Web\Modules\Orchard.Nancy.HelloWorld\Orchard.Nancy.HelloWorld.xproj", "{1378DA30-64E4-4A9B-83B4-CCF39EADB26E}"
EndProject
Project("{8BB2217D-0F2D-49D1-97BC-3654ED321F3B}") = "Orchard.DeferredTasks.Abstractions", "src\Orchard.DeferredTasks.Abstractions\Orchard.DeferredTasks.Abstractions.xproj", "{A8539F3F-9EF5-4A51-AABB-EEE8C915746E}"
EndProject
Project("{8BB2217D-0F2D-49D1-97BC-3654ED321F3B}") = "Orchard.Environment.Cache.Abstractions", "src\Orchard.Environment.Cache.Abstractions\Orchard.Environment.Cache.Abstractions.xproj", "{1B7E5B70-FFB8-4B7A-8F57-67F1AB7CA814}"
EndProject
Global
	GlobalSection(SolutionConfigurationPlatforms) = preSolution
		Debug|Any CPU = Debug|Any CPU
		Release|Any CPU = Release|Any CPU
	EndGlobalSection
	GlobalSection(ProjectConfigurationPlatforms) = postSolution
		{67D2545F-43C2-4FBB-80C7-75A2D0DCB948}.Debug|Any CPU.ActiveCfg = Debug|Any CPU
		{67D2545F-43C2-4FBB-80C7-75A2D0DCB948}.Debug|Any CPU.Build.0 = Debug|Any CPU
		{67D2545F-43C2-4FBB-80C7-75A2D0DCB948}.Release|Any CPU.ActiveCfg = Release|Any CPU
		{67D2545F-43C2-4FBB-80C7-75A2D0DCB948}.Release|Any CPU.Build.0 = Release|Any CPU
		{366ADAD5-4F2A-4768-80E2-CA70222C78BE}.Debug|Any CPU.ActiveCfg = Debug|Any CPU
		{366ADAD5-4F2A-4768-80E2-CA70222C78BE}.Debug|Any CPU.Build.0 = Debug|Any CPU
		{366ADAD5-4F2A-4768-80E2-CA70222C78BE}.Release|Any CPU.ActiveCfg = Release|Any CPU
		{366ADAD5-4F2A-4768-80E2-CA70222C78BE}.Release|Any CPU.Build.0 = Release|Any CPU
		{FDCEB9E1-4BA7-42CE-AF43-3C604EBA720D}.Debug|Any CPU.ActiveCfg = Debug|Any CPU
		{FDCEB9E1-4BA7-42CE-AF43-3C604EBA720D}.Debug|Any CPU.Build.0 = Debug|Any CPU
		{FDCEB9E1-4BA7-42CE-AF43-3C604EBA720D}.Release|Any CPU.ActiveCfg = Release|Any CPU
		{FDCEB9E1-4BA7-42CE-AF43-3C604EBA720D}.Release|Any CPU.Build.0 = Release|Any CPU
		{E1C3B0A7-FCD8-4895-AE10-479A90A0CE1F}.Debug|Any CPU.ActiveCfg = Debug|Any CPU
		{E1C3B0A7-FCD8-4895-AE10-479A90A0CE1F}.Debug|Any CPU.Build.0 = Debug|Any CPU
		{E1C3B0A7-FCD8-4895-AE10-479A90A0CE1F}.Release|Any CPU.ActiveCfg = Release|Any CPU
		{E1C3B0A7-FCD8-4895-AE10-479A90A0CE1F}.Release|Any CPU.Build.0 = Release|Any CPU
		{57958811-69DA-4C86-B75C-3806C2451EC8}.Debug|Any CPU.ActiveCfg = Debug|Any CPU
		{57958811-69DA-4C86-B75C-3806C2451EC8}.Debug|Any CPU.Build.0 = Debug|Any CPU
		{57958811-69DA-4C86-B75C-3806C2451EC8}.Release|Any CPU.ActiveCfg = Release|Any CPU
		{57958811-69DA-4C86-B75C-3806C2451EC8}.Release|Any CPU.Build.0 = Release|Any CPU
		{4C2F50F1-666E-497A-9498-A3494387A0CF}.Debug|Any CPU.ActiveCfg = Debug|Any CPU
		{4C2F50F1-666E-497A-9498-A3494387A0CF}.Debug|Any CPU.Build.0 = Debug|Any CPU
		{4C2F50F1-666E-497A-9498-A3494387A0CF}.Release|Any CPU.ActiveCfg = Release|Any CPU
		{4C2F50F1-666E-497A-9498-A3494387A0CF}.Release|Any CPU.Build.0 = Release|Any CPU
		{2CEE4306-FDE4-479F-8754-0492AA5834EB}.Debug|Any CPU.ActiveCfg = Debug|Any CPU
		{2CEE4306-FDE4-479F-8754-0492AA5834EB}.Debug|Any CPU.Build.0 = Debug|Any CPU
		{2CEE4306-FDE4-479F-8754-0492AA5834EB}.Release|Any CPU.ActiveCfg = Release|Any CPU
		{2CEE4306-FDE4-479F-8754-0492AA5834EB}.Release|Any CPU.Build.0 = Release|Any CPU
		{A1F3BB21-E9C7-4131-8682-50CE9730CD49}.Debug|Any CPU.ActiveCfg = Debug|Any CPU
		{A1F3BB21-E9C7-4131-8682-50CE9730CD49}.Debug|Any CPU.Build.0 = Debug|Any CPU
		{A1F3BB21-E9C7-4131-8682-50CE9730CD49}.Release|Any CPU.ActiveCfg = Release|Any CPU
		{A1F3BB21-E9C7-4131-8682-50CE9730CD49}.Release|Any CPU.Build.0 = Release|Any CPU
		{477CBA01-FB6E-498C-AD3C-EF2B16F7C006}.Debug|Any CPU.ActiveCfg = Debug|Any CPU
		{477CBA01-FB6E-498C-AD3C-EF2B16F7C006}.Debug|Any CPU.Build.0 = Debug|Any CPU
		{477CBA01-FB6E-498C-AD3C-EF2B16F7C006}.Release|Any CPU.ActiveCfg = Release|Any CPU
		{477CBA01-FB6E-498C-AD3C-EF2B16F7C006}.Release|Any CPU.Build.0 = Release|Any CPU
		{19617686-B3AE-4810-9C32-7FAF42F56744}.Debug|Any CPU.ActiveCfg = Debug|Any CPU
		{19617686-B3AE-4810-9C32-7FAF42F56744}.Debug|Any CPU.Build.0 = Debug|Any CPU
		{19617686-B3AE-4810-9C32-7FAF42F56744}.Release|Any CPU.ActiveCfg = Release|Any CPU
		{19617686-B3AE-4810-9C32-7FAF42F56744}.Release|Any CPU.Build.0 = Release|Any CPU
		{9E4E6CCB-7E1C-45CA-A4BB-43D8102DF086}.Debug|Any CPU.ActiveCfg = Debug|Any CPU
		{9E4E6CCB-7E1C-45CA-A4BB-43D8102DF086}.Debug|Any CPU.Build.0 = Debug|Any CPU
		{9E4E6CCB-7E1C-45CA-A4BB-43D8102DF086}.Release|Any CPU.ActiveCfg = Release|Any CPU
		{9E4E6CCB-7E1C-45CA-A4BB-43D8102DF086}.Release|Any CPU.Build.0 = Release|Any CPU
		{FA1366A1-676A-4E20-8A4E-A2FB98B14BDF}.Debug|Any CPU.ActiveCfg = Debug|Any CPU
		{FA1366A1-676A-4E20-8A4E-A2FB98B14BDF}.Debug|Any CPU.Build.0 = Debug|Any CPU
		{FA1366A1-676A-4E20-8A4E-A2FB98B14BDF}.Release|Any CPU.ActiveCfg = Release|Any CPU
		{FA1366A1-676A-4E20-8A4E-A2FB98B14BDF}.Release|Any CPU.Build.0 = Release|Any CPU
		{3BDAC7C1-2E7B-4DB6-9A48-42E60613EACE}.Debug|Any CPU.ActiveCfg = Debug|Any CPU
		{3BDAC7C1-2E7B-4DB6-9A48-42E60613EACE}.Debug|Any CPU.Build.0 = Debug|Any CPU
		{3BDAC7C1-2E7B-4DB6-9A48-42E60613EACE}.Release|Any CPU.ActiveCfg = Release|Any CPU
		{3BDAC7C1-2E7B-4DB6-9A48-42E60613EACE}.Release|Any CPU.Build.0 = Release|Any CPU
		{F9842D64-DA3B-48E4-BEB4-7F01033978B2}.Debug|Any CPU.ActiveCfg = Debug|Any CPU
		{F9842D64-DA3B-48E4-BEB4-7F01033978B2}.Debug|Any CPU.Build.0 = Debug|Any CPU
		{F9842D64-DA3B-48E4-BEB4-7F01033978B2}.Release|Any CPU.ActiveCfg = Release|Any CPU
		{F9842D64-DA3B-48E4-BEB4-7F01033978B2}.Release|Any CPU.Build.0 = Release|Any CPU
		{527E6F5B-BA00-4F81-A4D5-F9B4C5AB4AE3}.Debug|Any CPU.ActiveCfg = Debug|Any CPU
		{527E6F5B-BA00-4F81-A4D5-F9B4C5AB4AE3}.Debug|Any CPU.Build.0 = Debug|Any CPU
		{527E6F5B-BA00-4F81-A4D5-F9B4C5AB4AE3}.Release|Any CPU.ActiveCfg = Release|Any CPU
		{527E6F5B-BA00-4F81-A4D5-F9B4C5AB4AE3}.Release|Any CPU.Build.0 = Release|Any CPU
		{4B96E37E-E449-4B55-B12E-AD7816B94F08}.Debug|Any CPU.ActiveCfg = Debug|Any CPU
		{4B96E37E-E449-4B55-B12E-AD7816B94F08}.Debug|Any CPU.Build.0 = Debug|Any CPU
		{4B96E37E-E449-4B55-B12E-AD7816B94F08}.Release|Any CPU.ActiveCfg = Release|Any CPU
		{4B96E37E-E449-4B55-B12E-AD7816B94F08}.Release|Any CPU.Build.0 = Release|Any CPU
		{1378DA30-64E4-4A9B-83B4-CCF39EADB26E}.Debug|Any CPU.ActiveCfg = Debug|Any CPU
		{1378DA30-64E4-4A9B-83B4-CCF39EADB26E}.Debug|Any CPU.Build.0 = Debug|Any CPU
		{1378DA30-64E4-4A9B-83B4-CCF39EADB26E}.Release|Any CPU.ActiveCfg = Release|Any CPU
		{1378DA30-64E4-4A9B-83B4-CCF39EADB26E}.Release|Any CPU.Build.0 = Release|Any CPU
		{A8539F3F-9EF5-4A51-AABB-EEE8C915746E}.Debug|Any CPU.ActiveCfg = Debug|Any CPU
		{A8539F3F-9EF5-4A51-AABB-EEE8C915746E}.Debug|Any CPU.Build.0 = Debug|Any CPU
		{A8539F3F-9EF5-4A51-AABB-EEE8C915746E}.Release|Any CPU.ActiveCfg = Release|Any CPU
		{A8539F3F-9EF5-4A51-AABB-EEE8C915746E}.Release|Any CPU.Build.0 = Release|Any CPU
		{1B7E5B70-FFB8-4B7A-8F57-67F1AB7CA814}.Debug|Any CPU.ActiveCfg = Debug|Any CPU
		{1B7E5B70-FFB8-4B7A-8F57-67F1AB7CA814}.Debug|Any CPU.Build.0 = Debug|Any CPU
		{1B7E5B70-FFB8-4B7A-8F57-67F1AB7CA814}.Release|Any CPU.ActiveCfg = Release|Any CPU
		{1B7E5B70-FFB8-4B7A-8F57-67F1AB7CA814}.Release|Any CPU.Build.0 = Release|Any CPU
	EndGlobalSection
	GlobalSection(SolutionProperties) = preSolution
		HideSolutionNode = FALSE
	EndGlobalSection
	GlobalSection(NestedProjects) = preSolution
		{9786D05C-6C50-421F-B2AA-237155510DD1} = {275E087F-A4E2-4A7B-A924-ED68E3A52086}
		{F23AC6C2-DE44-4699-999D-3C478EF3D691} = {275E087F-A4E2-4A7B-A924-ED68E3A52086}
		{67D2545F-43C2-4FBB-80C7-75A2D0DCB948} = {F23AC6C2-DE44-4699-999D-3C478EF3D691}
		{366ADAD5-4F2A-4768-80E2-CA70222C78BE} = {F23AC6C2-DE44-4699-999D-3C478EF3D691}
		{FDCEB9E1-4BA7-42CE-AF43-3C604EBA720D} = {F23AC6C2-DE44-4699-999D-3C478EF3D691}
		{E1C3B0A7-FCD8-4895-AE10-479A90A0CE1F} = {F23AC6C2-DE44-4699-999D-3C478EF3D691}
		{57958811-69DA-4C86-B75C-3806C2451EC8} = {F23AC6C2-DE44-4699-999D-3C478EF3D691}
		{4C2F50F1-666E-497A-9498-A3494387A0CF} = {F23AC6C2-DE44-4699-999D-3C478EF3D691}
		{75B5432E-7851-4FCB-BC87-20ABEEDDBE19} = {275E087F-A4E2-4A7B-A924-ED68E3A52086}
		{2CEE4306-FDE4-479F-8754-0492AA5834EB} = {9786D05C-6C50-421F-B2AA-237155510DD1}
		{A1F3BB21-E9C7-4131-8682-50CE9730CD49} = {A86D3AED-6DD2-497E-BC30-7D755D63CBE0}
		{A066395F-6F73-45DC-B5A6-B4E306110DCE} = {275E087F-A4E2-4A7B-A924-ED68E3A52086}
		{477CBA01-FB6E-498C-AD3C-EF2B16F7C006} = {A86D3AED-6DD2-497E-BC30-7D755D63CBE0}
		{19617686-B3AE-4810-9C32-7FAF42F56744} = {A86D3AED-6DD2-497E-BC30-7D755D63CBE0}
		{9E4E6CCB-7E1C-45CA-A4BB-43D8102DF086} = {A86D3AED-6DD2-497E-BC30-7D755D63CBE0}
		{FA1366A1-676A-4E20-8A4E-A2FB98B14BDF} = {9786D05C-6C50-421F-B2AA-237155510DD1}
		{3BDAC7C1-2E7B-4DB6-9A48-42E60613EACE} = {A86D3AED-6DD2-497E-BC30-7D755D63CBE0}
		{A86D3AED-6DD2-497E-BC30-7D755D63CBE0} = {275E087F-A4E2-4A7B-A924-ED68E3A52086}
		{D1EC1E7A-8233-4527-A79E-B6ECE9DBB469} = {275E087F-A4E2-4A7B-A924-ED68E3A52086}
		{F9842D64-DA3B-48E4-BEB4-7F01033978B2} = {A066395F-6F73-45DC-B5A6-B4E306110DCE}
		{527E6F5B-BA00-4F81-A4D5-F9B4C5AB4AE3} = {A066395F-6F73-45DC-B5A6-B4E306110DCE}
		{4B96E37E-E449-4B55-B12E-AD7816B94F08} = {75B5432E-7851-4FCB-BC87-20ABEEDDBE19}
		{1378DA30-64E4-4A9B-83B4-CCF39EADB26E} = {D1EC1E7A-8233-4527-A79E-B6ECE9DBB469}
		{A8539F3F-9EF5-4A51-AABB-EEE8C915746E} = {275E087F-A4E2-4A7B-A924-ED68E3A52086}
		{1B7E5B70-FFB8-4B7A-8F57-67F1AB7CA814} = {275E087F-A4E2-4A7B-A924-ED68E3A52086}
	EndGlobalSection
EndGlobal
